
Microsoft Visual Studio Solution File, Format Version 12.00
# Visual Studio Version 17
VisualStudioVersion = 17.3.32922.545
MinimumVisualStudioVersion = 10.0.40219.1
Project("{FAE04EC0-301F-11D3-BF4B-00C04F79EFBC}") = "RabbitMQ Chat", "RabbitMQ Chat.csproj", "{104C1020-BBDA-4A1E-A1AE-2A7CD090909C}"
EndProject
Global
	GlobalSection(SolutionConfigurationPlatforms) = preSolution
		Debug|Any CPU = Debug|Any CPU
		Release|Any CPU = Release|Any CPU
	EndGlobalSection
	GlobalSection(ProjectConfigurationPlatforms) = postSolution
		{104C1020-BBDA-4A1E-A1AE-2A7CD090909C}.Debug|Any CPU.ActiveCfg = Debug|Any CPU
		{104C1020-BBDA-4A1E-A1AE-2A7CD090909C}.Debug|Any CPU.Build.0 = Debug|Any CPU
		{104C1020-BBDA-4A1E-A1AE-2A7CD090909C}.Release|Any CPU.ActiveCfg = Release|Any CPU
		{104C1020-BBDA-4A1E-A1AE-2A7CD090909C}.Release|Any CPU.Build.0 = Release|Any CPU
	EndGlobalSection
	GlobalSection(SolutionProperties) = preSolution
		HideSolutionNode = FALSE
	EndGlobalSection
	GlobalSection(ExtensibilityGlobals) = postSolution
		SolutionGuid = {68F33BE0-9CB6-491F-8831-1E5AF25ECE4D}
	EndGlobalSection
EndGlobal
